
Microsoft Visual Studio Solution File, Format Version 12.00
# Visual Studio Version 16
VisualStudioVersion = 16.0.29102.190
MinimumVisualStudioVersion = 10.0.40219.1
Project("{888888A0-9F3D-457C-B088-3A5042F75D52}") = "MailGun", "MailGun.pyproj", "{AD08CCD3-01E8-4709-8229-BB7B88493B48}"
EndProject
Global
	GlobalSection(SolutionConfigurationPlatforms) = preSolution
		Debug|Any CPU = Debug|Any CPU
		Release|Any CPU = Release|Any CPU
	EndGlobalSection
	GlobalSection(ProjectConfigurationPlatforms) = postSolution
		{AD08CCD3-01E8-4709-8229-BB7B88493B48}.Debug|Any CPU.ActiveCfg = Debug|Any CPU
		{AD08CCD3-01E8-4709-8229-BB7B88493B48}.Release|Any CPU.ActiveCfg = Release|Any CPU
	EndGlobalSection
	GlobalSection(SolutionProperties) = preSolution
		HideSolutionNode = FALSE
	EndGlobalSection
	GlobalSection(ExtensibilityGlobals) = postSolution
		SolutionGuid = {82D7F74E-8513-4C82-B829-B72B12A70A65}
	EndGlobalSection
EndGlobal
